
Microsoft Visual Studio Solution File, Format Version 12.00
# Visual Studio 15
VisualStudioVersion = 15.0.26730.12
MinimumVisualStudioVersion = 10.0.40219.1
Project("{9A19103F-16F7-4668-BE54-9A1E7A4F7556}") = "StoreManagement", "StoreManagement\StoreManagement.csproj", "{894E7E2D-A778-41A8-825F-201A84B14815}"
EndProject
Project("{9A19103F-16F7-4668-BE54-9A1E7A4F7556}") = "StoreManagement.Common", "StoreManagement.Common\StoreManagement.Common.csproj", "{C5F1ED4D-C948-48DF-8F58-3A12002A0CE8}"
EndProject
Project("{FAE04EC0-301F-11D3-BF4B-00C04F79EFBC}") = "StoreManagement.BusinessLogic", "StoreManagement.BusinessLogic\StoreManagement.BusinessLogic.csproj", "{BA766A50-65AE-4E49-952A-8DAEFA552BAA}"
EndProject
Project("{FAE04EC0-301F-11D3-BF4B-00C04F79EFBC}") = "StoreManagement.Dal", "StoreManagement.Dal\StoreManagement.Dal.csproj", "{19865780-8D3F-4CEE-A05D-301F40A0156F}"
EndProject
Project("{FAE04EC0-301F-11D3-BF4B-00C04F79EFBC}") = "StoreManagement.Model", "StoreManagement.Model\StoreManagement.Model.csproj", "{4361AEBC-100B-4C91-B9E5-C33FCCF537E0}"
EndProject
Global
	GlobalSection(SolutionConfigurationPlatforms) = preSolution
		Debug|Any CPU = Debug|Any CPU
		Release|Any CPU = Release|Any CPU
	EndGlobalSection
	GlobalSection(ProjectConfigurationPlatforms) = postSolution
		{894E7E2D-A778-41A8-825F-201A84B14815}.Debug|Any CPU.ActiveCfg = Debug|Any CPU
		{894E7E2D-A778-41A8-825F-201A84B14815}.Debug|Any CPU.Build.0 = Debug|Any CPU
		{894E7E2D-A778-41A8-825F-201A84B14815}.Release|Any CPU.ActiveCfg = Release|Any CPU
		{894E7E2D-A778-41A8-825F-201A84B14815}.Release|Any CPU.Build.0 = Release|Any CPU
		{C5F1ED4D-C948-48DF-8F58-3A12002A0CE8}.Debug|Any CPU.ActiveCfg = Debug|Any CPU
		{C5F1ED4D-C948-48DF-8F58-3A12002A0CE8}.Debug|Any CPU.Build.0 = Debug|Any CPU
		{C5F1ED4D-C948-48DF-8F58-3A12002A0CE8}.Release|Any CPU.ActiveCfg = Release|Any CPU
		{C5F1ED4D-C948-48DF-8F58-3A12002A0CE8}.Release|Any CPU.Build.0 = Release|Any CPU
		{BA766A50-65AE-4E49-952A-8DAEFA552BAA}.Debug|Any CPU.ActiveCfg = Debug|Any CPU
		{BA766A50-65AE-4E49-952A-8DAEFA552BAA}.Debug|Any CPU.Build.0 = Debug|Any CPU
		{BA766A50-65AE-4E49-952A-8DAEFA552BAA}.Release|Any CPU.ActiveCfg = Release|Any CPU
		{BA766A50-65AE-4E49-952A-8DAEFA552BAA}.Release|Any CPU.Build.0 = Release|Any CPU
		{19865780-8D3F-4CEE-A05D-301F40A0156F}.Debug|Any CPU.ActiveCfg = Debug|Any CPU
		{19865780-8D3F-4CEE-A05D-301F40A0156F}.Debug|Any CPU.Build.0 = Debug|Any CPU
		{19865780-8D3F-4CEE-A05D-301F40A0156F}.Release|Any CPU.ActiveCfg = Release|Any CPU
		{19865780-8D3F-4CEE-A05D-301F40A0156F}.Release|Any CPU.Build.0 = Release|Any CPU
		{4361AEBC-100B-4C91-B9E5-C33FCCF537E0}.Debug|Any CPU.ActiveCfg = Debug|Any CPU
		{4361AEBC-100B-4C91-B9E5-C33FCCF537E0}.Debug|Any CPU.Build.0 = Debug|Any CPU
		{4361AEBC-100B-4C91-B9E5-C33FCCF537E0}.Release|Any CPU.ActiveCfg = Release|Any CPU
		{4361AEBC-100B-4C91-B9E5-C33FCCF537E0}.Release|Any CPU.Build.0 = Release|Any CPU
	EndGlobalSection
	GlobalSection(SolutionProperties) = preSolution
		HideSolutionNode = FALSE
	EndGlobalSection
	GlobalSection(ExtensibilityGlobals) = postSolution
		SolutionGuid = {D39E826E-6311-4FCB-88DE-0AA2BBA0052C}
	EndGlobalSection
EndGlobal
